{
    "hash": "cb990831e5fa500a3ed7f0f378e4ec44",
    "packages": [
        {
            "package": "kriswallsmith/assetic",
            "version": "dev-master",
            "source-reference": "a1b6fa1f7bb27c203b6c3cf7d0dd0184f8dffcdc",
            "commit-date": "1351079542"
        },
        {
            "package": "natxet/CssMin",
            "version": "dev-master",
            "source-reference": "ef023b701821e73858f6af457f5fdef96cf9cd4d",
            "commit-date": "1329902120"
        },
        {
            "package": "symfony/process",
            "version": "v2.1.2"
        }
    ],
    "packages-dev": null,
    "aliases": [

    ],
    "minimum-stability": "stable",
    "stability-flags": {
        "kriswallsmith/assetic": 20,
        "natxet/cssmin": 20
    }
}
